
Microsoft Visual Studio Solution File, Format Version 12.00
# Visual Studio 2013
VisualStudioVersion = 12.0.20617.1 PREVIEW
MinimumVisualStudioVersion = 10.0.40219.1
Project("{FAE04EC0-301F-11D3-BF4B-00C04F79EFBC}") = "Wave File Editor", "Wave File Editor\Wave File Editor.csproj", "{4CDF3B59-C4CD-4D2D-A742-FA8F598F69B1}"
EndProject
Global
	GlobalSection(SolutionConfigurationPlatforms) = preSolution
		Debug|Any CPU = Debug|Any CPU
		Release|Any CPU = Release|Any CPU
	EndGlobalSection
	GlobalSection(ProjectConfigurationPlatforms) = postSolution
		{4CDF3B59-C4CD-4D2D-A742-FA8F598F69B1}.Debug|Any CPU.ActiveCfg = Debug|Any CPU
		{4CDF3B59-C4CD-4D2D-A742-FA8F598F69B1}.Debug|Any CPU.Build.0 = Debug|Any CPU
		{4CDF3B59-C4CD-4D2D-A742-FA8F598F69B1}.Release|Any CPU.ActiveCfg = Release|Any CPU
		{4CDF3B59-C4CD-4D2D-A742-FA8F598F69B1}.Release|Any CPU.Build.0 = Release|Any CPU
	EndGlobalSection
	GlobalSection(SolutionProperties) = preSolution
		HideSolutionNode = FALSE
	EndGlobalSection
EndGlobal
